PODS:
  - Flutter (1.0.0)
  - flutter_app_group_directory (0.0.1):
    - Flutter
  - flutter_local_notifications (0.0.1):
    - Flutter
  - live_activities (0.0.1):
    - Flutter
  - open_filex (0.0.2):
    - Flutter
  - permission_handler_apple (9.3.0):
    - Flutter
  - shared_preferences_foundation (0.0.1):
    - Flutter
    - FlutterMacOS
  - universal_ble (0.0.1):
    - Flutter
    - FlutterMacOS
  - url_launcher_ios (0.0.1):
    - Flutter

DEPENDENCIES:
  - Flutter (from `Flutter`)
  - flutter_app_group_directory (from `.symlinks/plugins/flutter_app_group_directory/ios`)
  - flutter_local_notifications (from `.symlinks/plugins/flutter_local_notifications/ios`)
  - live_activities (from `.symlinks/plugins/live_activities/ios`)
  - open_filex (from `.symlinks/plugins/open_filex/ios`)
  - permission_handler_apple (from `.symlinks/plugins/permission_handler_apple/ios`)
  - shared_preferences_foundation (from `.symlinks/plugins/shared_preferences_foundation/darwin`)
  - universal_ble (from `.symlinks/plugins/universal_ble/darwin`)
  - url_launcher_ios (from `.symlinks/plugins/url_launcher_ios/ios`)

EXTERNAL SOURCES:
  Flutter:
    :path: Flutter
  flutter_app_group_directory:
    :path: ".symlinks/plugins/flutter_app_group_directory/ios"
  flutter_local_notifications:
    :path: ".symlinks/plugins/flutter_local_notifications/ios"
  live_activities:
    :path: ".symlinks/plugins/live_activities/ios"
  open_filex:
    :path: ".symlinks/plugins/open_filex/ios"
  permission_handler_apple:
    :path: ".symlinks/plugins/permission_handler_apple/ios"
  shared_preferences_foundation:
    :path: ".symlinks/plugins/shared_preferences_foundation/darwin"
  universal_ble:
    :path: ".symlinks/plugins/universal_ble/darwin"
  url_launcher_ios:
    :path: ".symlinks/plugins/url_launcher_ios/ios"

SPEC CHECKSUMS:
  Flutter: cabc95a1d2626b1b06e7179b784ebcf0c0cde467
  flutter_app_group_directory: 55b5362007d1c0cb45dc1dd1e94f67d615f45a6b
  flutter_local_notifications: a5a732f069baa862e728d839dd2ebb904737effb
  live_activities: 4dfa736d0736e1c77866a2f9c056a76513cc9e7b
  open_filex: 432f3cd11432da3e39f47fcc0df2b1603854eff1
  permission_handler_apple: 4ed2196e43d0651e8ff7ca3483a069d469701f2d
  shared_preferences_foundation: 7036424c3d8ec98dfe75ff1667cb0cd531ec82bb
  universal_ble: 45519b2aeafe62761e2c6309f8927edb5288b914
  url_launcher_ios: 7a95fa5b60cc718a708b8f2966718e93db0cef1b

PODFILE CHECKSUM: c7be68921bef847efbf90c73f8578034f5ad4a7e

COCOAPODS: 1.16.2
